
Microsoft Visual Studio Solution File, Format Version 12.00
# Visual Studio 15
VisualStudioVersion = 15.0.26430.15
MinimumVisualStudioVersion = 10.0.40219.1
Project("{FAE04EC0-301F-11D3-BF4B-00C04F79EFBC}") = "craftersminePackagerGUI", "craftersminePackager\craftersminePackagerGUI.csproj", "{A8AC35D6-64C4-4594-958C-106E3E16B0AB}"
EndProject
Project("{FAE04EC0-301F-11D3-BF4B-00C04F79EFBC}") = "craftersminePackagerLib", "craftersminePackagerLib\craftersminePackagerLib.csproj", "{F24E9344-DC4F-4FBE-B2FD-F90CC39E1109}"
EndProject
Project("{FAE04EC0-301F-11D3-BF4B-00C04F79EFBC}") = "craftersminePackagerConsole", "craftersminePackagerConsole\craftersminePackagerConsole.csproj", "{45CC1299-B7FD-4D36-9B0E-18EAE373C898}"
EndProject
Project("{FAE04EC0-301F-11D3-BF4B-00C04F79EFBC}") = "craftersminePackageExtractorConsole", "craftersminePackageExtractorConsole\craftersminePackageExtractorConsole.csproj", "{CB6F780A-0E88-437C-9CB8-F64FC0376A88}"
EndProject
Global
	GlobalSection(SolutionConfigurationPlatforms) = preSolution
		Debug|Any CPU = Debug|Any CPU
		Release|Any CPU = Release|Any CPU
	EndGlobalSection
	GlobalSection(ProjectConfigurationPlatforms) = postSolution
		{A8AC35D6-64C4-4594-958C-106E3E16B0AB}.Debug|Any CPU.ActiveCfg = Debug|Any CPU
		{A8AC35D6-64C4-4594-958C-106E3E16B0AB}.Debug|Any CPU.Build.0 = Debug|Any CPU
		{A8AC35D6-64C4-4594-958C-106E3E16B0AB}.Release|Any CPU.ActiveCfg = Release|Any CPU
		{A8AC35D6-64C4-4594-958C-106E3E16B0AB}.Release|Any CPU.Build.0 = Release|Any CPU
		{F24E9344-DC4F-4FBE-B2FD-F90CC39E1109}.Debug|Any CPU.ActiveCfg = Debug|Any CPU
		{F24E9344-DC4F-4FBE-B2FD-F90CC39E1109}.Debug|Any CPU.Build.0 = Debug|Any CPU
		{F24E9344-DC4F-4FBE-B2FD-F90CC39E1109}.Release|Any CPU.ActiveCfg = Release|Any CPU
		{F24E9344-DC4F-4FBE-B2FD-F90CC39E1109}.Release|Any CPU.Build.0 = Release|Any CPU
		{45CC1299-B7FD-4D36-9B0E-18EAE373C898}.Debug|Any CPU.ActiveCfg = Debug|Any CPU
		{45CC1299-B7FD-4D36-9B0E-18EAE373C898}.Debug|Any CPU.Build.0 = Debug|Any CPU
		{45CC1299-B7FD-4D36-9B0E-18EAE373C898}.Release|Any CPU.ActiveCfg = Release|Any CPU
		{45CC1299-B7FD-4D36-9B0E-18EAE373C898}.Release|Any CPU.Build.0 = Release|Any CPU
		{CB6F780A-0E88-437C-9CB8-F64FC0376A88}.Debug|Any CPU.ActiveCfg = Debug|Any CPU
		{CB6F780A-0E88-437C-9CB8-F64FC0376A88}.Debug|Any CPU.Build.0 = Debug|Any CPU
		{CB6F780A-0E88-437C-9CB8-F64FC0376A88}.Release|Any CPU.ActiveCfg = Release|Any CPU
		{CB6F780A-0E88-437C-9CB8-F64FC0376A88}.Release|Any CPU.Build.0 = Release|Any CPU
	EndGlobalSection
	GlobalSection(SolutionProperties) = preSolution
		HideSolutionNode = FALSE
	EndGlobalSection
EndGlobal
